
Microsoft Visual Studio Solution File, Format Version 12.00
# Visual Studio Version 16
VisualStudioVersion = 16.0.28803.352
MinimumVisualStudioVersion = 10.0.40219.1
Project("{9A19103F-16F7-4668-BE54-9A1E7A4F7556}") = "Actividades.Core", "Actividades.Core\Actividades.Core.csproj", "{9966C241-060E-43EB-BE79-162C35B10105}"
EndProject
Project("{9A19103F-16F7-4668-BE54-9A1E7A4F7556}") = "Actividades.WebApi", "Actividades.WebApi\Actividades.WebApi.csproj", "{7AE227B3-1B2E-4872-82D1-AFFC15EE4B5A}"
EndProject
Project("{FAE04EC0-301F-11D3-BF4B-00C04F79EFBC}") = "Actividades.Service", "Actividades.Service\Actividades.Service.csproj", "{93406389-0C77-4AC1-B200-2E1E9F0BF617}"
EndProject
Global
	GlobalSection(SolutionConfigurationPlatforms) = preSolution
		Debug|Any CPU = Debug|Any CPU
		Release|Any CPU = Release|Any CPU
	EndGlobalSection
	GlobalSection(ProjectConfigurationPlatforms) = postSolution
		{9966C241-060E-43EB-BE79-162C35B10105}.Debug|Any CPU.ActiveCfg = Debug|Any CPU
		{9966C241-060E-43EB-BE79-162C35B10105}.Debug|Any CPU.Build.0 = Debug|Any CPU
		{9966C241-060E-43EB-BE79-162C35B10105}.Release|Any CPU.ActiveCfg = Release|Any CPU
		{9966C241-060E-43EB-BE79-162C35B10105}.Release|Any CPU.Build.0 = Release|Any CPU
		{7AE227B3-1B2E-4872-82D1-AFFC15EE4B5A}.Debug|Any CPU.ActiveCfg = Debug|Any CPU
		{7AE227B3-1B2E-4872-82D1-AFFC15EE4B5A}.Debug|Any CPU.Build.0 = Debug|Any CPU
		{7AE227B3-1B2E-4872-82D1-AFFC15EE4B5A}.Release|Any CPU.ActiveCfg = Release|Any CPU
		{7AE227B3-1B2E-4872-82D1-AFFC15EE4B5A}.Release|Any CPU.Build.0 = Release|Any CPU
		{93406389-0C77-4AC1-B200-2E1E9F0BF617}.Debug|Any CPU.ActiveCfg = Debug|Any CPU
		{93406389-0C77-4AC1-B200-2E1E9F0BF617}.Debug|Any CPU.Build.0 = Debug|Any CPU
		{93406389-0C77-4AC1-B200-2E1E9F0BF617}.Release|Any CPU.ActiveCfg = Release|Any CPU
		{93406389-0C77-4AC1-B200-2E1E9F0BF617}.Release|Any CPU.Build.0 = Release|Any CPU
	EndGlobalSection
	GlobalSection(SolutionProperties) = preSolution
		HideSolutionNode = FALSE
	EndGlobalSection
	GlobalSection(ExtensibilityGlobals) = postSolution
		SolutionGuid = {C69CA97F-8616-42A7-B496-3816B1F9B0F6}
	EndGlobalSection
EndGlobal
